
Microsoft Visual Studio Solution File, Format Version 12.00
# Visual Studio Version 16
VisualStudioVersion = 16.0.30011.22
MinimumVisualStudioVersion = 10.0.40219.1
Project("{FAE04EC0-301F-11D3-BF4B-00C04F79EFBC}") = "WebApplication2", "WebApplication2\WebApplication2.csproj", "{64963775-213F-47B4-B653-440F4F044C0A}"
EndProject
Global
	GlobalSection(SolutionConfigurationPlatforms) = preSolution
		Debug|Any CPU = Debug|Any CPU
		Release|Any CPU = Release|Any CPU
	EndGlobalSection
	GlobalSection(ProjectConfigurationPlatforms) = postSolution
		{64963775-213F-47B4-B653-440F4F044C0A}.Debug|Any CPU.ActiveCfg = Debug|Any CPU
		{64963775-213F-47B4-B653-440F4F044C0A}.Debug|Any CPU.Build.0 = Debug|Any CPU
		{64963775-213F-47B4-B653-440F4F044C0A}.Release|Any CPU.ActiveCfg = Release|Any CPU
		{64963775-213F-47B4-B653-440F4F044C0A}.Release|Any CPU.Build.0 = Release|Any CPU
	EndGlobalSection
	GlobalSection(SolutionProperties) = preSolution
		HideSolutionNode = FALSE
	EndGlobalSection
	GlobalSection(ExtensibilityGlobals) = postSolution
		SolutionGuid = {DC2AD687-D109-447B-9984-90599FA22F1F}
	EndGlobalSection
EndGlobal
